
Microsoft Visual Studio Solution File, Format Version 12.00
# Visual Studio 15
Project("{FAE04EC0-301F-11D3-BF4B-00C04F79EFBC}") = "XamarinMacMojaveTest2", "XamarinMacMojaveTest2\XamarinMacMojaveTest2.csproj", "{64A5B887-1FAA-49EE-8846-D55E90600F0E}"
EndProject
Project("{FAE04EC0-301F-11D3-BF4B-00C04F79EFBC}") = "OutlineViewTestBinding", "OutlineViewTestBinding\OutlineViewTestBinding.csproj", "{A904818E-AD9F-44D7-99FF-786559F31B1F}"
EndProject
Global
	GlobalSection(SolutionConfigurationPlatforms) = preSolution
		Debug|x86 = Debug|x86
		Release|x86 = Release|x86
	EndGlobalSection
	GlobalSection(ProjectConfigurationPlatforms) = postSolution
		{64A5B887-1FAA-49EE-8846-D55E90600F0E}.Debug|x86.ActiveCfg = Debug|x86
		{64A5B887-1FAA-49EE-8846-D55E90600F0E}.Debug|x86.Build.0 = Debug|x86
		{64A5B887-1FAA-49EE-8846-D55E90600F0E}.Release|x86.ActiveCfg = Release|x86
		{64A5B887-1FAA-49EE-8846-D55E90600F0E}.Release|x86.Build.0 = Release|x86
		{A904818E-AD9F-44D7-99FF-786559F31B1F}.Debug|x86.ActiveCfg = Debug|Any CPU
		{A904818E-AD9F-44D7-99FF-786559F31B1F}.Debug|x86.Build.0 = Debug|Any CPU
		{A904818E-AD9F-44D7-99FF-786559F31B1F}.Release|x86.ActiveCfg = Release|Any CPU
		{A904818E-AD9F-44D7-99FF-786559F31B1F}.Release|x86.Build.0 = Release|Any CPU
	EndGlobalSection
EndGlobal
